
Microsoft Visual Studio Solution File, Format Version 12.00
# Visual Studio Version 17
VisualStudioVersion = 17.2.32616.157
MinimumVisualStudioVersion = 10.0.40219.1
Project("{FAE04EC0-301F-11D3-BF4B-00C04F79EFBC}") = "WPF-MVVM-TASK", "WPF-MVVM-TASK\WPF-MVVM-TASK.csproj", "{B25C60FF-2185-4DC4-98FE-D3F728B05B59}"
EndProject
Global
	GlobalSection(SolutionConfigurationPlatforms) = preSolution
		Debug|Any CPU = Debug|Any CPU
		Release|Any CPU = Release|Any CPU
	EndGlobalSection
	GlobalSection(ProjectConfigurationPlatforms) = postSolution
		{B25C60FF-2185-4DC4-98FE-D3F728B05B59}.Debug|Any CPU.ActiveCfg = Debug|Any CPU
		{B25C60FF-2185-4DC4-98FE-D3F728B05B59}.Debug|Any CPU.Build.0 = Debug|Any CPU
		{B25C60FF-2185-4DC4-98FE-D3F728B05B59}.Release|Any CPU.ActiveCfg = Release|Any CPU
		{B25C60FF-2185-4DC4-98FE-D3F728B05B59}.Release|Any CPU.Build.0 = Release|Any CPU
	EndGlobalSection
	GlobalSection(SolutionProperties) = preSolution
		HideSolutionNode = FALSE
	EndGlobalSection
	GlobalSection(ExtensibilityGlobals) = postSolution
		SolutionGuid = {E52F40B5-5C34-40D2-AB88-5D106ED85C47}
	EndGlobalSection
EndGlobal
